// !$*UTF8*$!
{
	archiveVersion = 1;
	classes = {
	};
	objectVersion = 46;
	objects = {

/* Begin PBXBuildFile section */
		F277DBD51B27B71600AD77B1 /* main.m in Sources */ = {isa = PBXBuildFile; fileRef = F277DBD41B27B71600AD77B1 /* main.m */; };
		F277DBD81B27B71600AD77B1 /* AppDelegate.m in Sources */ = {isa = PBXBuildFile; fileRef = F277DBD71B27B71600AD77B1 /* AppDelegate.m */; };
		F277DBDB1B27B71600AD77B1 /* ViewController.m in Sources */ = {isa = PBXBuildFile; fileRef = F277DBDA1B27B71600AD77B1 /* ViewController.m */; };
		F277DBDE1B27B71600AD77B1 /* Main.storyboard in Resources */ = {isa = PBXBuildFile; fileRef = F277DBDC1B27B71600AD77B1 /* Main.storyboard */; };
		F277DBE01B27B71600AD77B1 /* Images.xcassets in Resources */ = {isa = PBXBuildFile; fileRef = F277DBDF1B27B71600AD77B1 /* Images.xcassets */; };
		F277DBE31B27B71600AD77B1 /* LaunchScreen.xib in Resources */ = {isa = PBXBuildFile; fileRef = F277DBE11B27B71600AD77B1 /* LaunchScreen.xib */; };
		F277DBEF1B27B71600AD77B1 /* listviewexampleTests.m in Sources */ = {isa = PBXBuildFile; fileRef = F277DBEE1B27B71600AD77B1 /* listviewexampleTests.m */; };
/* End PBXBuildFile section */

/* Begin PBXContainerItemProxy section */
		F277DBE91B27B71600AD77B1 /* PBXContainerItemProxy */ = {
			isa = PBXContainerItemProxy;
			containerPortal = F277DBC71B27B71600AD77B1 /* Project object */;
			proxyType = 1;
			remoteGlobalIDString = F277DBCE1B27B71600AD77B1;
			remoteInfo = listviewexample;
		};
/* End PBXContainerItemProxy section */

/* Begin PBXFileReference section */
		F277DBCF1B27B71600AD77B1 /* listviewexample.app */ = {isa = PBXFileReference; explicitFileType = wrapper.application; includeInIndex = 0; path = listviewexample.app; sourceTree = BUILT_PRODUCTS_DIR; };
		F277DBD31B27B71600AD77B1 /* Info.plist */ = {isa = PBXFileReference; lastKnownFileType = text.plist.xml; path = Info.plist; sourceTree = "<group>"; };
		F277DBD41B27B71600AD77B1 /* main.m */ = {isa = PBXFileReference; lastKnownFileType = sourcecode.c.objc; path = main.m; sourceTree = "<group>"; };
		F277DBD61B27B71600AD77B1 /* AppDelegate.h */ = {isa = PBXFileReference; lastKnownFileType = sourcecode.c.h; path = AppDelegate.h; sourceTree = "<group>"; };
		F277DBD71B27B71600AD77B1 /* AppDelegate.m */ = {isa = PBXFileReference; lastKnownFileType = sourcecode.c.objc; path = AppDelegate.m; sourceTree = "<group>"; };
		F277DBD91B27B71600AD77B1 /* ViewController.h */ = {isa = PBXFileReference; lastKnownFileType = sourcecode.c.h; path = ViewController.h; sourceTree = "<group>"; };
		F277DBDA1B27B71600AD77B1 /* ViewController.m */ = {isa = PBXFileReference; lastKnownFileType = sourcecode.c.objc; path = ViewController.m; sourceTree = "<group>"; };
		F277DBDD1B27B71600AD77B1 /* Base */ = {isa = PBXFileReference; lastKnownFileType = file.storyboard; name = Base; path = Base.lproj/Main.storyboard; sourceTree = "<group>"; };
		F277DBDF1B27B71600AD77B1 /* Images.xcassets */ = {isa = PBXFileReference; lastKnownFileType = folder.assetcatalog; path = Images.xcassets; sourceTree = "<group>"; };
		F277DBE21B27B71600AD77B1 /* Base */ = {isa = PBXFileReference; lastKnownFileType = file.xib; name = Base; path = Base.lproj/LaunchScreen.xib; sourceTree = "<group>"; };
		F277DBE81B27B71600AD77B1 /* listviewexampleTests.xctest */ = {isa = PBXFileReference; explicitFileType = wrapper.cfbundle; includeInIndex = 0; path = listviewexampleTests.xctest; sourceTree = BUILT_PRODUCTS_DIR; };
		F277DBED1B27B71600AD77B1 /* Info.plist */ = {isa = PBXFileReference; lastKnownFileType = text.plist.xml; path = Info.plist; sourceTree = "<group>"; };
		F277DBEE1B27B71600AD77B1 /* listviewexampleTests.m */ = {isa = PBXFileReference; lastKnownFileType = sourcecode.c.objc; path = listviewexampleTests.m; sourceTree = "<group>"; };
/* End PBXFileReference section */

/* Begin PBXFrameworksBuildPhase section */
		F277DBCC1B27B71600AD77B1 /* Frameworks */ = {
			isa = PBXFrameworksBuildPhase;
			buildActionMask = 2147483647;
			files = (
			);
			runOnlyForDeploymentPostprocessing = 0;
		};
		F277DBE51B27B71600AD77B1 /* Frameworks */ = {
			isa = PBXFrameworksBuildPhase;
			buildActionMask = 2147483647;
			files = (
			);
			runOnlyForDeploymentPostprocessing = 0;
		};
/* End PBXFrameworksBuildPhase section */

/* Begin PBXGroup section */
		F277DBC61B27B71600AD77B1 = {
			isa = PBXGroup;
			children = (
				F277DBD11B27B71600AD77B1 /* listviewexample */,
				F277DBEB1B27B71600AD77B1 /* listviewexampleTests */,
				F277DBD01B27B71600AD77B1 /* Products */,
			);
			sourceTree = "<group>";
		};
		F277DBD01B27B71600AD77B1 /* Products */ = {
			isa = PBXGroup;
			children = (
				F277DBCF1B27B71600AD77B1 /* listviewexample.app */,
				F277DBE81B27B71600AD77B1 /* listviewexampleTests.xctest */,
			);
			name = Products;
			sourceTree = "<group>";
		};
		F277DBD11B27B71600AD77B1 /* listviewexample */ = {
			isa = PBXGroup;
			children = (
				F277DBD61B27B71600AD77B1 /* AppDelegate.h */,
				F277DBD71B27B71600AD77B1 /* AppDelegate.m */,
				F277DBD91B27B71600AD77B1 /* ViewController.h */,
				F277DBDA1B27B71600AD77B1 /* ViewController.m */,
				F277DBDC1B27B71600AD77B1 /* Main.storyboard */,
				F277DBDF1B27B71600AD77B1 /* Images.xcassets */,
				F277DBE11B27B71600AD77B1 /* LaunchScreen.xib */,
				F277DBD21B27B71600AD77B1 /* Supporting Files */,
			);
			path = listviewexample;
			sourceTree = "<group>";
		};
		F277DBD21B27B71600AD77B1 /* Supporting Files */ = {
			isa = PBXGroup;
			children = (
				F277DBD31B27B71600AD77B1 /* Info.plist */,
				F277DBD41B27B71600AD77B1 /* main.m */,
			);
			name = "Supporting Files";
			sourceTree = "<group>";
		};
		F277DBEB1B27B71600AD77B1 /* listviewexampleTests */ = {
			isa = PBXGroup;
			children = (
				F277DBEE1B27B71600AD77B1 /* listviewexampleTests.m */,
				F277DBEC1B27B71600AD77B1 /* Supporting Files */,
			);
			path = listviewexampleTests;
			sourceTree = "<group>";
		};
		F277DBEC1B27B71600AD77B1 /* Supporting Files */ = {
			isa = PBXGroup;
			children = (
				F277DBED1B27B71600AD77B1 /* Info.plist */,
			);
			name = "Supporting Files";
			sourceTree = "<group>";
		};
/* End PBXGroup section */

/* Begin PBXNativeTarget section */
		F277DBCE1B27B71600AD77B1 /* listviewexample */ = {
			isa = PBXNativeTarget;
			buildConfigurationList = F277DBF21B27B71600AD77B1 /* Build configuration list for PBXNativeTarget "listviewexample" */;
			buildPhases = (
				F277DBCB1B27B71600AD77B1 /* Sources */,
				F277DBCC1B27B71600AD77B1 /* Frameworks */,
				F277DBCD1B27B71600AD77B1 /* Resources */,
			);
			buildRules = (
			);
			dependencies = (
			);
			name = listviewexample;
			productName = listviewexample;
			productReference = F277DBCF1B27B71600AD77B1 /* listviewexample.app */;
			productType = "com.apple.product-type.application";
		};
		F277DBE71B27B71600AD77B1 /* listviewexampleTests */ = {
			isa = PBXNativeTarget;
			buildConfigurationList = F277DBF51B27B71600AD77B1 /* Build configuration list for PBXNativeTarget "listviewexampleTests" */;
			buildPhases = (
				F277DBE41B27B71600AD77B1 /* Sources */,
				F277DBE51B27B71600AD77B1 /* Frameworks */,
				F277DBE61B27B71600AD77B1 /* Resources */,
			);
			buildRules = (
			);
			dependencies = (
				F277DBEA1B27B71600AD77B1 /* PBXTargetDependency */,
			);
			name = listviewexampleTests;
			productName = listviewexampleTests;
			productReference = F277DBE81B27B71600AD77B1 /* listviewexampleTests.xctest */;
			productType = "com.apple.product-type.bundle.unit-test";
		};
/* End PBXNativeTarget section */

/* Begin PBXProject section */
		F277DBC71B27B71600AD77B1 /* Project object */ = {
			isa = PBXProject;
			attributes = {
				LastUpgradeCheck = 0630;
				ORGANIZATIONNAME = shailesh;
				TargetAttributes = {
					F277DBCE1B27B71600AD77B1 = {
						CreatedOnToolsVersion = 6.3.2;
					};
					F277DBE71B27B71600AD77B1 = {
						CreatedOnToolsVersion = 6.3.2;
						TestTargetID = F277DBCE1B27B71600AD77B1;
					};
				};
			};
			buildConfigurationList = F277DBCA1B27B71600AD77B1 /* Build configuration list for PBXProject "listviewexample" */;
			compatibilityVersion = "Xcode 3.2";
			developmentRegion = English;
			hasScannedForEncodings = 0;
			knownRegions = (
				en,
				Base,
			);
			mainGroup = F277DBC61B27B71600AD77B1;
			productRefGroup = F277DBD01B27B71600AD77B1 /* Products */;
			projectDirPath = "";
			projectRoot = "";
			targets = (
				F277DBCE1B27B71600AD77B1 /* listviewexample */,
				F277DBE71B27B71600AD77B1 /* listviewexampleTests */,
			);
		};
/* End PBXProject section */

/* Begin PBXResourcesBuildPhase section */
		F277DBCD1B27B71600AD77B1 /* Resources */ = {
			isa = PBXResourcesBuildPhase;
			buildActionMask = 2147483647;
			files = (
				F277DBDE1B27B71600AD77B1 /* Main.storyboard in Resources */,
				F277DBE31B27B71600AD77B1 /* LaunchScreen.xib in Resources */,
				F277DBE01B27B71600AD77B1 /* Images.xcassets in Resources */,
			);
			runOnlyForDeploymentPostprocessing = 0;
		};
		F277DBE61B27B71600AD77B1 /* Resources */ = {
			isa = PBXResourcesBuildPhase;
			buildActionMask = 2147483647;
			files = (
			);
			runOnlyForDeploymentPostprocessing = 0;
		};
/* End PBXResourcesBuildPhase section */

/* Begin PBXSourcesBuildPhase section */
		F277DBCB1B27B71600AD77B1 /* Sources */ = {
			isa = PBXSourcesBuildPhase;
			buildActionMask = 2147483647;
			files = (
				F277DBDB1B27B71600AD77B1 /* ViewController.m in Sources */,
				F277DBD81B27B71600AD77B1 /* AppDelegate.m in Sources */,
				F277DBD51B27B71600AD77B1 /* main.m in Sources */,
			);
			runOnlyForDeploymentPostprocessing = 0;
		};
		F277DBE41B27B71600AD77B1 /* Sources */ = {
			isa = PBXSourcesBuildPhase;
			buildActionMask = 2147483647;
			files = (
				F277DBEF1B27B71600AD77B1 /* listviewexampleTests.m in Sources */,
			);
			runOnlyForDeploymentPostprocessing = 0;
		};
/* End PBXSourcesBuildPhase section */

/* Begin PBXTargetDependency section */
		F277DBEA1B27B71600AD77B1 /* PBXTargetDependency */ = {
			isa = PBXTargetDependency;
			target = F277DBCE1B27B71600AD77B1 /* listviewexample */;
			targetProxy = F277DBE91B27B71600AD77B1 /* PBXContainerItemProxy */;
		};
/* End PBXTargetDependency section */

/* Begin PBXVariantGroup section */
		F277DBDC1B27B71600AD77B1 /* Main.storyboard */ = {
			isa = PBXVariantGroup;
			children = (
				F277DBDD1B27B71600AD77B1 /* Base */,
			);
			name = Main.storyboard;
			sourceTree = "<group>";
		};
		F277DBE11B27B71600AD77B1 /* LaunchScreen.xib */ = {
			isa = PBXVariantGroup;
			children = (
				F277DBE21B27B71600AD77B1 /* Base */,
			);
			name = LaunchScreen.xib;
			sourceTree = "<group>";
		};
/* End PBXVariantGroup section */

/* Begin XCBuildConfiguration section */
		F277DBF01B27B71600AD77B1 /* Debug */ = {
			isa = XCBuildConfiguration;
			buildSettings = {
				ALWAYS_SEARCH_USER_PATHS = NO;
				CLANG_CXX_LANGUAGE_STANDARD = "gnu++0x";
				CLANG_CXX_LIBRARY = "libc++";
				CLANG_ENABLE_MODULES = YES;
				CLANG_ENABLE_OBJC_ARC = YES;
				CLANG_WARN_BOOL_CONVERSION = YES;
				CLANG_WARN_CONSTANT_CONVERSION = YES;
				CLANG_WARN_DIRECT_OBJC_ISA_USAGE = YES_ERROR;
				CLANG_WARN_EMPTY_BODY = YES;
				CLANG_WARN_ENUM_CONVERSION = YES;
				CLANG_WARN_INT_CONVERSION = YES;
				CLANG_WARN_OBJC_ROOT_CLASS = YES_ERROR;
				CLANG_WARN_UNREACHABLE_CODE = YES;
				CLANG_WARN__DUPLICATE_METHOD_MATCH = YES;
				"CODE_SIGN_IDENTITY[sdk=iphoneos*]" = "iPhone Developer";
				COPY_PHASE_STRIP = NO;
				DEBUG_INFORMATION_FORMAT = "dwarf-with-dsym";
				ENABLE_STRICT_OBJC_MSGSEND = YES;
				GCC_C_LANGUAGE_STANDARD = gnu99;
				GCC_DYNAMIC_NO_PIC = NO;
				GCC_NO_COMMON_BLOCKS = YES;
				GCC_OPTIMIZATION_LEVEL = 0;
				GCC_PREPROCESSOR_DEFINITIONS = (
					"DEBUG=1",
					"$(inherited)",
				);
				GCC_SYMBOLS_PRIVATE_EXTERN = NO;
				GCC_WARN_64_TO_32_BIT_CONVERSION = YES;
				GCC_WARN_ABOUT_RETURN_TYPE = YES_ERROR;
				GCC_WARN_UNDECLARED_SELECTOR = YES;
				GCC_WARN_UNINITIALIZED_AUTOS = YES_AGGRESSIVE;
				GCC_WARN_UNUSED_FUNCTION = YES;
				GCC_WARN_UNUSED_VARIABLE = YES;
				IPHONEOS_DEPLOYMENT_TARGET = 8.3;
				MTL_ENABLE_DEBUG_INFO = YES;
				ONLY_ACTIVE_ARCH = YES;
				SDKROOT = iphoneos;
				TARGETED_DEVICE_FAMILY = "1,2";
			};
			name = Debug;
		};
		F277DBF11B27B71600AD77B1 /* Release */ = {
			isa = XCBuildConfiguration;
			buildSettings = {
				ALWAYS_SEARCH_USER_PATHS = NO;
				CLANG_CXX_LANGUAGE_STANDARD = "gnu++0x";
				CLANG_CXX_LIBRARY = "libc++";
				CLANG_ENABLE_MODULES = YES;
				CLANG_ENABLE_OBJC_ARC = YES;
				CLANG_WARN_BOOL_CONVERSION = YES;
				CLANG_WARN_CONSTANT_CONVERSION = YES;
				CLANG_WARN_DIRECT_OBJC_ISA_USAGE = YES_ERROR;
				CLANG_WARN_EMPTY_BODY = YES;
				CLANG_WARN_ENUM_CONVERSION = YES;
				CLANG_WARN_INT_CONVERSION = YES;
				CLANG_WARN_OBJC_ROOT_CLASS = YES_ERROR;
				CLANG_WARN_UNREACHABLE_CODE = YES;
				CLANG_WARN__DUPLICATE_METHOD_MATCH = YES;
				"CODE_SIGN_IDENTITY[sdk=iphoneos*]" = "iPhone Developer";
				COPY_PHASE_STRIP = NO;
				DEBUG_INFORMATION_FORMAT = "dwarf-with-dsym";
				ENABLE_NS_ASSERTIONS = NO;
				ENABLE_STRICT_OBJC_MSGSEND = YES;
				GCC_C_LANGUAGE_STANDARD = gnu99;
				GCC_NO_COMMON_BLOCKS = YES;
				GCC_WARN_64_TO_32_BIT_CONVERSION = YES;
				GCC_WARN_ABOUT_RETURN_TYPE = YES_ERROR;
				GCC_WARN_UNDECLARED_SELECTOR = YES;
				GCC_WARN_UNINITIALIZED_AUTOS = YES_AGGRESSIVE;
				GCC_WARN_UNUSED_FUNCTION = YES;
				GCC_WARN_UNUSED_VARIABLE = YES;
				IPHONEOS_DEPLOYMENT_TARGET = 8.3;
				MTL_ENABLE_DEBUG_INFO = NO;
				SDKROOT = iphoneos;
				TARGETED_DEVICE_FAMILY = "1,2";
				VALIDATE_PRODUCT = YES;
			};
			name = Release;
		};
		F277DBF31B27B71600AD77B1 /* Debug */ = {
			isa = XCBuildConfiguration;
			buildSettings = {
				ASSETCATALOG_COMPILER_APPICON_NAME = AppIcon;
				INFOPLIST_FILE = listviewexample/Info.plist;
				LD_RUNPATH_SEARCH_PATHS = "$(inherited) @executable_path/Frameworks";
				PRODUCT_NAME = "$(TARGET_NAME)";
			};
			name = Debug;
		};
		F277DBF41B27B71600AD77B1 /* Release */ = {
			isa = XCBuildConfiguration;
			buildSettings = {
				ASSETCATALOG_COMPILER_APPICON_NAME = AppIcon;
				INFOPLIST_FILE = listviewexample/Info.plist;
				LD_RUNPATH_SEARCH_PATHS = "$(inherited) @executable_path/Frameworks";
				PRODUCT_NAME = "$(TARGET_NAME)";
			};
			name = Release;
		};
		F277DBF61B27B71600AD77B1 /* Debug */ = {
			isa = XCBuildConfiguration;
			buildSettings = {
				BUNDLE_LOADER = "$(TEST_HOST)";
				FRAMEWORK_SEARCH_PATHS = (
					"$(SDKROOT)/Developer/Library/Frameworks",
					"$(inherited)",
				);
				GCC_PREPROCESSOR_DEFINITIONS = (
					"DEBUG=1",
					"$(inherited)",
				);
				INFOPLIST_FILE = listviewexampleTests/Info.plist;
				LD_RUNPATH_SEARCH_PATHS = "$(inherited) @executable_path/Frameworks @loader_path/Frameworks";
				PRODUCT_NAME = "$(TARGET_NAME)";
				TEST_HOST = "$(BUILT_PRODUCTS_DIR)/listviewexample.app/listviewexample";
			};
			name = Debug;
		};
		F277DBF71B27B71600AD77B1 /* Release */ = {
			isa = XCBuildConfiguration;
			buildSettings = {
				BUNDLE_LOADER = "$(TEST_HOST)";
				FRAMEWORK_SEARCH_PATHS = (
					"$(SDKROOT)/Developer/Library/Frameworks",
					"$(inherited)",
				);
				INFOPLIST_FILE = listviewexampleTests/Info.plist;
				LD_RUNPATH_SEARCH_PATHS = "$(inherited) @executable_path/Frameworks @loader_path/Frameworks";
				PRODUCT_NAME = "$(TARGET_NAME)";
				TEST_HOST = "$(BUILT_PRODUCTS_DIR)/listviewexample.app/listviewexample";
			};
			name = Release;
		};
/* End XCBuildConfiguration section */

/* Begin XCConfigurationList section */
		F277DBCA1B27B71600AD77B1 /* Build configuration list for PBXProject "listviewexample" */ = {
			isa = XCConfigurationList;
			buildConfigurations = (
				F277DBF01B27B71600AD77B1 /* Debug */,
				F277DBF11B27B71600AD77B1 /* Release */,
			);
			defaultConfigurationIsVisible = 0;
			defaultConfigurationName = Release;
		};
		F277DBF21B27B71600AD77B1 /* Build configuration list for PBXNativeTarget "listviewexample" */ = {
			isa = XCConfigurationList;
			buildConfigurations = (
				F277DBF31B27B71600AD77B1 /* Debug */,
				F277DBF41B27B71600AD77B1 /* Release */,
			);
			defaultConfigurationIsVisible = 0;
		};
		F277DBF51B27B71600AD77B1 /* Build configuration list for PBXNativeTarget "listviewexampleTests" */ = {
			isa = XCConfigurationList;
			buildConfigurations = (
				F277DBF61B27B71600AD77B1 /* Debug */,
				F277DBF71B27B71600AD77B1 /* Release */,
			);
			defaultConfigurationIsVisible = 0;
		};
/* End XCConfigurationList section */
	};
	rootObject = F277DBC71B27B71600AD77B1 /* Project object */;
}
